// !$*UTF8*$!
{
	archiveVersion = 1;
	classes = {
	};
	objectVersion = 50;
	objects = {

/* Begin PBXBuildFile section */
		4182AF7D451B8E564E859380 /* Pods_LoginValidate.framework in Frameworks */ = {isa = PBXBuildFile; fileRef = 3F84CA9F9B065719F46AEB14 /* Pods_LoginValidate.framework */; };
		48262B3821467FAB0011F944 /* ViewControllerReactor.swift in Sources */ = {isa = PBXBuildFile; fileRef = 48262B3721467FAB0011F944 /* ViewControllerReactor.swift */; };
		48EAEF97214775A700015C7A /* ViewControllerRouter.swift in Sources */ = {isa = PBXBuildFile; fileRef = 48EAEF96214775A700015C7A /* ViewControllerRouter.swift */; };
		48EAEF9B2147794400015C7A /* LoggedInViewController.swift in Sources */ = {isa = PBXBuildFile; fileRef = 48EAEF9A2147794400015C7A /* LoggedInViewController.swift */; };
		48EAEF9E214779C900015C7A /* LoggedInViewControllerSubView.swift in Sources */ = {isa = PBXBuildFile; fileRef = 48EAEF9D214779C900015C7A /* LoggedInViewControllerSubView.swift */; };
		B9CEA29D214394F20031BEBD /* AppDelegate.swift in Sources */ = {isa = PBXBuildFile; fileRef = B9CEA29C214394F20031BEBD /* AppDelegate.swift */; };
		B9CEA29F214394F20031BEBD /* ViewController.swift in Sources */ = {isa = PBXBuildFile; fileRef = B9CEA29E214394F20031BEBD /* ViewController.swift */; };
		B9CEA2A2214394F20031BEBD /* Main.storyboard in Resources */ = {isa = PBXBuildFile; fileRef = B9CEA2A0214394F20031BEBD /* Main.storyboard */; };
		B9CEA2A4214394F30031BEBD /* Assets.xcassets in Resources */ = {isa = PBXBuildFile; fileRef = B9CEA2A3214394F30031BEBD /* Assets.xcassets */; };
		B9CEA2A7214394F30031BEBD /* LaunchScreen.storyboard in Resources */ = {isa = PBXBuildFile; fileRef = B9CEA2A5214394F30031BEBD /* LaunchScreen.storyboard */; };
		B9CEA2B8214396880031BEBD /* ViewControllerSubView.swift in Sources */ = {isa = PBXBuildFile; fileRef = B9CEA2B7214396880031BEBD /* ViewControllerSubView.swift */; };
/* End PBXBuildFile section */

/* Begin PBXFileReference section */
		3F84CA9F9B065719F46AEB14 /* Pods_LoginValidate.framework */ = {isa = PBXFileReference; explicitFileType = wrapper.framework; includeInIndex = 0; path = Pods_LoginValidate.framework; sourceTree = BUILT_PRODUCTS_DIR; };
		40367CC04445AE40CB72B4B9 /* Pods-LoginValidate.release.xcconfig */ = {isa = PBXFileReference; includeInIndex = 1; lastKnownFileType = text.xcconfig; name = "Pods-LoginValidate.release.xcconfig"; path = "Pods/Target Support Files/Pods-LoginValidate/Pods-LoginValidate.release.xcconfig"; sourceTree = "<group>"; };
		48262B3721467FAB0011F944 /* ViewControllerReactor.swift */ = {isa = PBXFileReference; lastKnownFileType = sourcecode.swift; path = ViewControllerReactor.swift; sourceTree = "<group>"; };
		48EAEF96214775A700015C7A /* ViewControllerRouter.swift */ = {isa = PBXFileReference; lastKnownFileType = sourcecode.swift; path = ViewControllerRouter.swift; sourceTree = "<group>"; };
		48EAEF9A2147794400015C7A /* LoggedInViewController.swift */ = {isa = PBXFileReference; lastKnownFileType = sourcecode.swift; path = LoggedInViewController.swift; sourceTree = "<group>"; };
		48EAEF9D214779C900015C7A /* LoggedInViewControllerSubView.swift */ = {isa = PBXFileReference; lastKnownFileType = sourcecode.swift; path = LoggedInViewControllerSubView.swift; sourceTree = "<group>"; };
		A7F08AA30CD994A2740F02C6 /* Pods-LoginValidate.debug.xcconfig */ = {isa = PBXFileReference; includeInIndex = 1; lastKnownFileType = text.xcconfig; name = "Pods-LoginValidate.debug.xcconfig"; path = "Pods/Target Support Files/Pods-LoginValidate/Pods-LoginValidate.debug.xcconfig"; sourceTree = "<group>"; };
		B9CEA299214394F20031BEBD /* LoginValidate.app */ = {isa = PBXFileReference; explicitFileType = wrapper.application; includeInIndex = 0; path = LoginValidate.app; sourceTree = BUILT_PRODUCTS_DIR; };
		B9CEA29C214394F20031BEBD /* AppDelegate.swift */ = {isa = PBXFileReference; lastKnownFileType = sourcecode.swift; path = AppDelegate.swift; sourceTree = "<group>"; };
		B9CEA29E214394F20031BEBD /* ViewController.swift */ = {isa = PBXFileReference; lastKnownFileType = sourcecode.swift; path = ViewController.swift; sourceTree = "<group>"; };
		B9CEA2A1214394F20031BEBD /* Base */ = {isa = PBXFileReference; lastKnownFileType = file.storyboard; name = Base; path = Base.lproj/Main.storyboard; sourceTree = "<group>"; };
		B9CEA2A3214394F30031BEBD /* Assets.xcassets */ = {isa = PBXFileReference; lastKnownFileType = folder.assetcatalog; path = Assets.xcassets; sourceTree = "<group>"; };
		B9CEA2A6214394F30031BEBD /* Base */ = {isa = PBXFileReference; lastKnownFileType = file.storyboard; name = Base; path = Base.lproj/LaunchScreen.storyboard; sourceTree = "<group>"; };
		B9CEA2A8214394F30031BEBD /* Info.plist */ = {isa = PBXFileReference; lastKnownFileType = text.plist.xml; path = Info.plist; sourceTree = "<group>"; };
		B9CEA2B7214396880031BEBD /* ViewControllerSubView.swift */ = {isa = PBXFileReference; lastKnownFileType = sourcecode.swift; path = ViewControllerSubView.swift; sourceTree = "<group>"; };
/* End PBXFileReference section */

/* Begin PBXFrameworksBuildPhase section */
		B9CEA296214394F20031BEBD /* Frameworks */ = {
			isa = PBXFrameworksBuildPhase;
			buildActionMask = 2147483647;
			files = (
				4182AF7D451B8E564E859380 /* Pods_LoginValidate.framework in Frameworks */,
			);
			runOnlyForDeploymentPostprocessing = 0;
		};
/* End PBXFrameworksBuildPhase section */

/* Begin PBXGroup section */
		2BDB9F4C07F6CB43B133A1B1 /* Pods */ = {
			isa = PBXGroup;
			children = (
				A7F08AA30CD994A2740F02C6 /* Pods-LoginValidate.debug.xcconfig */,
				40367CC04445AE40CB72B4B9 /* Pods-LoginValidate.release.xcconfig */,
			);
			name = Pods;
			sourceTree = "<group>";
		};
		48262B3621465ADB0011F944 /* Reactor */ = {
			isa = PBXGroup;
			children = (
				48262B3721467FAB0011F944 /* ViewControllerReactor.swift */,
			);
			path = Reactor;
			sourceTree = "<group>";
		};
		48EAEF952147758700015C7A /* Router */ = {
			isa = PBXGroup;
			children = (
				48EAEF96214775A700015C7A /* ViewControllerRouter.swift */,
			);
			path = Router;
			sourceTree = "<group>";
		};
		48EAEF982147792300015C7A /* LoggedIn */ = {
			isa = PBXGroup;
			children = (
				48EAEF992147792F00015C7A /* View */,
			);
			path = LoggedIn;
			sourceTree = "<group>";
		};
		48EAEF992147792F00015C7A /* View */ = {
			isa = PBXGroup;
			children = (
				48EAEF9C214779A300015C7A /* subView */,
				48EAEF9A2147794400015C7A /* LoggedInViewController.swift */,
			);
			path = View;
			sourceTree = "<group>";
		};
		48EAEF9C214779A300015C7A /* subView */ = {
			isa = PBXGroup;
			children = (
				48EAEF9D214779C900015C7A /* LoggedInViewControllerSubView.swift */,
			);
			path = subView;
			sourceTree = "<group>";
		};
		B9CEA290214394F20031BEBD = {
			isa = PBXGroup;
			children = (
				B9CEA29B214394F20031BEBD /* LoginValidate */,
				B9CEA29A214394F20031BEBD /* Products */,
				2BDB9F4C07F6CB43B133A1B1 /* Pods */,
				F5D99821A97605D8C6342F36 /* Frameworks */,
			);
			sourceTree = "<group>";
		};
		B9CEA29A214394F20031BEBD /* Products */ = {
			isa = PBXGroup;
			children = (
				B9CEA299214394F20031BEBD /* LoginValidate.app */,
			);
			name = Products;
			sourceTree = "<group>";
		};
		B9CEA29B214394F20031BEBD /* LoginValidate */ = {
			isa = PBXGroup;
			children = (
				B9CEA2B12143952F0031BEBD /* Storyboards */,
				B9CEA2B0214395260031BEBD /* Assets */,
				B9CEA2AF214395180031BEBD /* Classes */,
				B9CEA2AE214395080031BEBD /* Applications */,
				B9CEA2A8214394F30031BEBD /* Info.plist */,
			);
			path = LoginValidate;
			sourceTree = "<group>";
		};
		B9CEA2AE214395080031BEBD /* Applications */ = {
			isa = PBXGroup;
			children = (
				B9CEA29C214394F20031BEBD /* AppDelegate.swift */,
			);
			path = Applications;
			sourceTree = "<group>";
		};
		B9CEA2AF214395180031BEBD /* Classes */ = {
			isa = PBXGroup;
			children = (
				B9CEA2B22143954E0031BEBD /* Presentation */,
			);
			path = Classes;
			sourceTree = "<group>";
		};
		B9CEA2B0214395260031BEBD /* Assets */ = {
			isa = PBXGroup;
			children = (
				B9CEA2A5214394F30031BEBD /* LaunchScreen.storyboard */,
				B9CEA2A3214394F30031BEBD /* Assets.xcassets */,
			);
			path = Assets;
			sourceTree = "<group>";
		};
		B9CEA2B12143952F0031BEBD /* Storyboards */ = {
			isa = PBXGroup;
			children = (
				B9CEA2A0214394F20031BEBD /* Main.storyboard */,
			);
			path = Storyboards;
			sourceTree = "<group>";
		};
		B9CEA2B22143954E0031BEBD /* Presentation */ = {
			isa = PBXGroup;
			children = (
				48EAEF982147792300015C7A /* LoggedIn */,
				B9CEA2B4214395660031BEBD /* Main */,
			);
			path = Presentation;
			sourceTree = "<group>";
		};
		B9CEA2B4214395660031BEBD /* Main */ = {
			isa = PBXGroup;
			children = (
				B9CEA2B5214395720031BEBD /* View */,
			);
			path = Main;
			sourceTree = "<group>";
		};
		B9CEA2B5214395720031BEBD /* View */ = {
			isa = PBXGroup;
			children = (
				48EAEF952147758700015C7A /* Router */,
				48262B3621465ADB0011F944 /* Reactor */,
				B9CEA2B62143957C0031BEBD /* SubView */,
				B9CEA29E214394F20031BEBD /* ViewController.swift */,
			);
			path = View;
			sourceTree = "<group>";
		};
		B9CEA2B62143957C0031BEBD /* SubView */ = {
			isa = PBXGroup;
			children = (
				B9CEA2B7214396880031BEBD /* ViewControllerSubView.swift */,
			);
			path = SubView;
			sourceTree = "<group>";
		};
		F5D99821A97605D8C6342F36 /* Frameworks */ = {
			isa = PBXGroup;
			children = (
				3F84CA9F9B065719F46AEB14 /* Pods_LoginValidate.framework */,
			);
			name = Frameworks;
			sourceTree = "<group>";
		};
/* End PBXGroup section */

/* Begin PBXNativeTarget section */
		B9CEA298214394F20031BEBD /* LoginValidate */ = {
			isa = PBXNativeTarget;
			buildConfigurationList = B9CEA2AB214394F30031BEBD /* Build configuration list for PBXNativeTarget "LoginValidate" */;
			buildPhases = (
				50C62092EAE9B776E1BF61CE /* [CP] Check Pods Manifest.lock */,
				B9CEA295214394F20031BEBD /* Sources */,
				B9CEA296214394F20031BEBD /* Frameworks */,
				B9CEA297214394F20031BEBD /* Resources */,
				1B007942765864C35AFF704C /* [CP] Embed Pods Frameworks */,
			);
			buildRules = (
			);
			dependencies = (
			);
			name = LoginValidate;
			productName = LoginValidate;
			productReference = B9CEA299214394F20031BEBD /* LoginValidate.app */;
			productType = "com.apple.product-type.application";
		};
/* End PBXNativeTarget section */

/* Begin PBXProject section */
		B9CEA291214394F20031BEBD /* Project object */ = {
			isa = PBXProject;
			attributes = {
				LastSwiftUpdateCheck = 0940;
				LastUpgradeCheck = 0940;
				ORGANIZATIONNAME = pich;
				TargetAttributes = {
					B9CEA298214394F20031BEBD = {
						CreatedOnToolsVersion = 9.4.1;
					};
				};
			};
			buildConfigurationList = B9CEA294214394F20031BEBD /* Build configuration list for PBXProject "LoginValidate" */;
			compatibilityVersion = "Xcode 9.3";
			developmentRegion = en;
			hasScannedForEncodings = 0;
			knownRegions = (
				en,
				Base,
			);
			mainGroup = B9CEA290214394F20031BEBD;
			productRefGroup = B9CEA29A214394F20031BEBD /* Products */;
			projectDirPath = "";
			projectRoot = "";
			targets = (
				B9CEA298214394F20031BEBD /* LoginValidate */,
			);
		};
/* End PBXProject section */

/* Begin PBXResourcesBuildPhase section */
		B9CEA297214394F20031BEBD /* Resources */ = {
			isa = PBXResourcesBuildPhase;
			buildActionMask = 2147483647;
			files = (
				B9CEA2A7214394F30031BEBD /* LaunchScreen.storyboard in Resources */,
				B9CEA2A4214394F30031BEBD /* Assets.xcassets in Resources */,
				B9CEA2A2214394F20031BEBD /* Main.storyboard in Resources */,
			);
			runOnlyForDeploymentPostprocessing = 0;
		};
/* End PBXResourcesBuildPhase section */

/* Begin PBXShellScriptBuildPhase section */
		1B007942765864C35AFF704C /* [CP] Embed Pods Frameworks */ = {
			isa = PBXShellScriptBuildPhase;
			buildActionMask = 2147483647;
			files = (
			);
			inputPaths = (
				"${SRCROOT}/Pods/Target Support Files/Pods-LoginValidate/Pods-LoginValidate-frameworks.sh",
				"${BUILT_PRODUCTS_DIR}/ReactorKit/ReactorKit.framework",
				"${BUILT_PRODUCTS_DIR}/RxCocoa/RxCocoa.framework",
				"${BUILT_PRODUCTS_DIR}/RxSwift/RxSwift.framework",
				"${BUILT_PRODUCTS_DIR}/SnapKit/SnapKit.framework",
			);
			name = "[CP] Embed Pods Frameworks";
			outputPaths = (
				"${TARGET_BUILD_DIR}/${FRAMEWORKS_FOLDER_PATH}/ReactorKit.framework",
				"${TARGET_BUILD_DIR}/${FRAMEWORKS_FOLDER_PATH}/RxCocoa.framework",
				"${TARGET_BUILD_DIR}/${FRAMEWORKS_FOLDER_PATH}/RxSwift.framework",
				"${TARGET_BUILD_DIR}/${FRAMEWORKS_FOLDER_PATH}/SnapKit.framework",
			);
			runOnlyForDeploymentPostprocessing = 0;
			shellPath = /bin/sh;
			shellScript = "\"${SRCROOT}/Pods/Target Support Files/Pods-LoginValidate/Pods-LoginValidate-frameworks.sh\"\n";
			showEnvVarsInLog = 0;
		};
		50C62092EAE9B776E1BF61CE /* [CP] Check Pods Manifest.lock */ = {
			isa = PBXShellScriptBuildPhase;
			buildActionMask = 2147483647;
			files = (
			);
			inputPaths = (
				"${PODS_PODFILE_DIR_PATH}/Podfile.lock",
				"${PODS_ROOT}/Manifest.lock",
			);
			name = "[CP] Check Pods Manifest.lock";
			outputPaths = (
				"$(DERIVED_FILE_DIR)/Pods-LoginValidate-checkManifestLockResult.txt",
			);
			runOnlyForDeploymentPostprocessing = 0;
			shellPath = /bin/sh;
			shellScript = "diff \"${PODS_PODFILE_DIR_PATH}/Podfile.lock\" \"${PODS_ROOT}/Manifest.lock\" > /dev/null\nif [ $? != 0 ] ; then\n    # print error to STDERR\n    echo \"error: The sandbox is not in sync with the Podfile.lock. Run 'pod install' or update your CocoaPods installation.\" >&2\n    exit 1\nfi\n# This output is used by Xcode 'outputs' to avoid re-running this script phase.\necho \"SUCCESS\" > \"${SCRIPT_OUTPUT_FILE_0}\"\n";
			showEnvVarsInLog = 0;
		};
/* End PBXShellScriptBuildPhase section */

/* Begin PBXSourcesBuildPhase section */
		B9CEA295214394F20031BEBD /* Sources */ = {
			isa = PBXSourcesBuildPhase;
			buildActionMask = 2147483647;
			files = (
				B9CEA29F214394F20031BEBD /* ViewController.swift in Sources */,
				48EAEF97214775A700015C7A /* ViewControllerRouter.swift in Sources */,
				48262B3821467FAB0011F944 /* ViewControllerReactor.swift in Sources */,
				48EAEF9B2147794400015C7A /* LoggedInViewController.swift in Sources */,
				B9CEA2B8214396880031BEBD /* ViewControllerSubView.swift in Sources */,
				B9CEA29D214394F20031BEBD /* AppDelegate.swift in Sources */,
				48EAEF9E214779C900015C7A /* LoggedInViewControllerSubView.swift in Sources */,
			);
			runOnlyForDeploymentPostprocessing = 0;
		};
/* End PBXSourcesBuildPhase section */

/* Begin PBXVariantGroup section */
		B9CEA2A0214394F20031BEBD /* Main.storyboard */ = {
			isa = PBXVariantGroup;
			children = (
				B9CEA2A1214394F20031BEBD /* Base */,
			);
			name = Main.storyboard;
			sourceTree = "<group>";
		};
		B9CEA2A5214394F30031BEBD /* LaunchScreen.storyboard */ = {
			isa = PBXVariantGroup;
			children = (
				B9CEA2A6214394F30031BEBD /* Base */,
			);
			name = LaunchScreen.storyboard;
			sourceTree = "<group>";
		};
/* End PBXVariantGroup section */

/* Begin XCBuildConfiguration section */
		B9CEA2A9214394F30031BEBD /* Debug */ = {
			isa = XCBuildConfiguration;
			buildSettings = {
				ALWAYS_SEARCH_USER_PATHS = NO;
				CLANG_ANALYZER_NONNULL = YES;
				CLANG_ANALYZER_NUMBER_OBJECT_CONVERSION = YES_AGGRESSIVE;
				CLANG_CXX_LANGUAGE_STANDARD = "gnu++14";
				CLANG_CXX_LIBRARY = "libc++";
				CLANG_ENABLE_MODULES = YES;
				CLANG_ENABLE_OBJC_ARC = YES;
				CLANG_ENABLE_OBJC_WEAK = YES;
				CLANG_WARN_BLOCK_CAPTURE_AUTORELEASING = YES;
				CLANG_WARN_BOOL_CONVERSION = YES;
				CLANG_WARN_COMMA = YES;
				CLANG_WARN_CONSTANT_CONVERSION = YES;
				CLANG_WARN_DEPRECATED_OBJC_IMPLEMENTATIONS = YES;
				CLANG_WARN_DIRECT_OBJC_ISA_USAGE = YES_ERROR;
				CLANG_WARN_DOCUMENTATION_COMMENTS = YES;
				CLANG_WARN_EMPTY_BODY = YES;
				CLANG_WARN_ENUM_CONVERSION = YES;
				CLANG_WARN_INFINITE_RECURSION = YES;
				CLANG_WARN_INT_CONVERSION = YES;
				CLANG_WARN_NON_LITERAL_NULL_CONVERSION = YES;
				CLANG_WARN_OBJC_IMPLICIT_RETAIN_SELF = YES;
				CLANG_WARN_OBJC_LITERAL_CONVERSION = YES;
				CLANG_WARN_OBJC_ROOT_CLASS = YES_ERROR;
				CLANG_WARN_RANGE_LOOP_ANALYSIS = YES;
				CLANG_WARN_STRICT_PROTOTYPES = YES;
				CLANG_WARN_SUSPICIOUS_MOVE = YES;
				CLANG_WARN_UNGUARDED_AVAILABILITY = YES_AGGRESSIVE;
				CLANG_WARN_UNREACHABLE_CODE = YES;
				CLANG_WARN__DUPLICATE_METHOD_MATCH = YES;
				CODE_SIGN_IDENTITY = "iPhone Developer";
				COPY_PHASE_STRIP = NO;
				DEBUG_INFORMATION_FORMAT = dwarf;
				ENABLE_STRICT_OBJC_MSGSEND = YES;
				ENABLE_TESTABILITY = YES;
				GCC_C_LANGUAGE_STANDARD = gnu11;
				GCC_DYNAMIC_NO_PIC = NO;
				GCC_NO_COMMON_BLOCKS = YES;
				GCC_OPTIMIZATION_LEVEL = 0;
				GCC_PREPROCESSOR_DEFINITIONS = (
					"DEBUG=1",
					"$(inherited)",
				);
				GCC_WARN_64_TO_32_BIT_CONVERSION = YES;
				GCC_WARN_ABOUT_RETURN_TYPE = YES_ERROR;
				GCC_WARN_UNDECLARED_SELECTOR = YES;
				GCC_WARN_UNINITIALIZED_AUTOS = YES_AGGRESSIVE;
				GCC_WARN_UNUSED_FUNCTION = YES;
				GCC_WARN_UNUSED_VARIABLE = YES;
				IPHONEOS_DEPLOYMENT_TARGET = 11.4;
				MTL_ENABLE_DEBUG_INFO = YES;
				ONLY_ACTIVE_ARCH = YES;
				SDKROOT = iphoneos;
				SWIFT_ACTIVE_COMPILATION_CONDITIONS = DEBUG;
				SWIFT_OPTIMIZATION_LEVEL = "-Onone";
			};
			name = Debug;
		};
		B9CEA2AA214394F30031BEBD /* Release */ = {
			isa = XCBuildConfiguration;
			buildSettings = {
				ALWAYS_SEARCH_USER_PATHS = NO;
				CLANG_ANALYZER_NONNULL = YES;
				CLANG_ANALYZER_NUMBER_OBJECT_CONVERSION = YES_AGGRESSIVE;
				CLANG_CXX_LANGUAGE_STANDARD = "gnu++14";
				CLANG_CXX_LIBRARY = "libc++";
				CLANG_ENABLE_MODULES = YES;
				CLANG_ENABLE_OBJC_ARC = YES;
				CLANG_ENABLE_OBJC_WEAK = YES;
				CLANG_WARN_BLOCK_CAPTURE_AUTORELEASING = YES;
				CLANG_WARN_BOOL_CONVERSION = YES;
				CLANG_WARN_COMMA = YES;
				CLANG_WARN_CONSTANT_CONVERSION = YES;
				CLANG_WARN_DEPRECATED_OBJC_IMPLEMENTATIONS = YES;
				CLANG_WARN_DIRECT_OBJC_ISA_USAGE = YES_ERROR;
				CLANG_WARN_DOCUMENTATION_COMMENTS = YES;
				CLANG_WARN_EMPTY_BODY = YES;
				CLANG_WARN_ENUM_CONVERSION = YES;
				CLANG_WARN_INFINITE_RECURSION = YES;
				CLANG_WARN_INT_CONVERSION = YES;
				CLANG_WARN_NON_LITERAL_NULL_CONVERSION = YES;
				CLANG_WARN_OBJC_IMPLICIT_RETAIN_SELF = YES;
				CLANG_WARN_OBJC_LITERAL_CONVERSION = YES;
				CLANG_WARN_OBJC_ROOT_CLASS = YES_ERROR;
				CLANG_WARN_RANGE_LOOP_ANALYSIS = YES;
				CLANG_WARN_STRICT_PROTOTYPES = YES;
				CLANG_WARN_SUSPICIOUS_MOVE = YES;
				CLANG_WARN_UNGUARDED_AVAILABILITY = YES_AGGRESSIVE;
				CLANG_WARN_UNREACHABLE_CODE = YES;
				CLANG_WARN__DUPLICATE_METHOD_MATCH = YES;
				CODE_SIGN_IDENTITY = "iPhone Developer";
				COPY_PHASE_STRIP = NO;
				DEBUG_INFORMATION_FORMAT = "dwarf-with-dsym";
				ENABLE_NS_ASSERTIONS = NO;
				ENABLE_STRICT_OBJC_MSGSEND = YES;
				GCC_C_LANGUAGE_STANDARD = gnu11;
				GCC_NO_COMMON_BLOCKS = YES;
				GCC_WARN_64_TO_32_BIT_CONVERSION = YES;
				GCC_WARN_ABOUT_RETURN_TYPE = YES_ERROR;
				GCC_WARN_UNDECLARED_SELECTOR = YES;
				GCC_WARN_UNINITIALIZED_AUTOS = YES_AGGRESSIVE;
				GCC_WARN_UNUSED_FUNCTION = YES;
				GCC_WARN_UNUSED_VARIABLE = YES;
				IPHONEOS_DEPLOYMENT_TARGET = 11.4;
				MTL_ENABLE_DEBUG_INFO = NO;
				SDKROOT = iphoneos;
				SWIFT_COMPILATION_MODE = wholemodule;
				SWIFT_OPTIMIZATION_LEVEL = "-O";
				VALIDATE_PRODUCT = YES;
			};
			name = Release;
		};
		B9CEA2AC214394F30031BEBD /* Debug */ = {
			isa = XCBuildConfiguration;
			baseConfigurationReference = A7F08AA30CD994A2740F02C6 /* Pods-LoginValidate.debug.xcconfig */;
			buildSettings = {
				ASSETCATALOG_COMPILER_APPICON_NAME = AppIcon;
				CODE_SIGN_STYLE = Automatic;
				INFOPLIST_FILE = LoginValidate/Info.plist;
				LD_RUNPATH_SEARCH_PATHS = (
					"$(inherited)",
					"@executable_path/Frameworks",
				);
				PRODUCT_BUNDLE_IDENTIFIER = com.pich.LoginValidate;
				PRODUCT_NAME = "$(TARGET_NAME)";
				SWIFT_VERSION = 4.0;
				TARGETED_DEVICE_FAMILY = "1,2";
			};
			name = Debug;
		};
		B9CEA2AD214394F30031BEBD /* Release */ = {
			isa = XCBuildConfiguration;
			baseConfigurationReference = 40367CC04445AE40CB72B4B9 /* Pods-LoginValidate.release.xcconfig */;
			buildSettings = {
				ASSETCATALOG_COMPILER_APPICON_NAME = AppIcon;
				CODE_SIGN_STYLE = Automatic;
				INFOPLIST_FILE = LoginValidate/Info.plist;
				LD_RUNPATH_SEARCH_PATHS = (
					"$(inherited)",
					"@executable_path/Frameworks",
				);
				PRODUCT_BUNDLE_IDENTIFIER = com.pich.LoginValidate;
				PRODUCT_NAME = "$(TARGET_NAME)";
				SWIFT_VERSION = 4.0;
				TARGETED_DEVICE_FAMILY = "1,2";
			};
			name = Release;
		};
/* End XCBuildConfiguration section */

/* Begin XCConfigurationList section */
		B9CEA294214394F20031BEBD /* Build configuration list for PBXProject "LoginValidate" */ = {
			isa = XCConfigurationList;
			buildConfigurations = (
				B9CEA2A9214394F30031BEBD /* Debug */,
				B9CEA2AA214394F30031BEBD /* Release */,
			);
			defaultConfigurationIsVisible = 0;
			defaultConfigurationName = Release;
		};
		B9CEA2AB214394F30031BEBD /* Build configuration list for PBXNativeTarget "LoginValidate" */ = {
			isa = XCConfigurationList;
			buildConfigurations = (
				B9CEA2AC214394F30031BEBD /* Debug */,
				B9CEA2AD214394F30031BEBD /* Release */,
			);
			defaultConfigurationIsVisible = 0;
			defaultConfigurationName = Release;
		};
/* End XCConfigurationList section */
	};
	rootObject = B9CEA291214394F20031BEBD /* Project object */;
}
